{
  "version": "2",
  "remote": {
    "https://deno.land/std@0.165.0/_util/asserts.ts": "d0844e9b62510f89ce1f9878b046f6a57bf88f208a10304aab50efcb48365272",
    "https://deno.land/std@0.165.0/_util/os.ts": "8a33345f74990e627b9dfe2de9b040004b08ea5146c7c9e8fe9a29070d193934",
    "https://deno.land/std@0.165.0/bytes/equals.ts": "3c3558c3ae85526f84510aa2b48ab2ad7bdd899e2e0f5b7a8ffc85acb3a6043a",
    "https://deno.land/std@0.165.0/bytes/mod.ts": "b2e342fd3669176a27a4e15061e9d588b89c1aaf5008ab71766e23669565d179",
    "https://deno.land/std@0.165.0/encoding/base64.ts": "c57868ca7fa2fbe919f57f88a623ad34e3d970d675bdc1ff3a9d02bba7409db2",
    "https://deno.land/std@0.165.0/encoding/base64url.ts": "a5f82a9fa703bd85a5eb8e7c1296bc6529e601ebd9642cc2b5eaa6b38fa9e05a",
    "https://deno.land/std@0.165.0/node/_utils.ts": "1085a229e910b3a6672f3c3be05507591811dc67be2ae2188e9fc9ef4376b172",
    "https://deno.land/std@0.165.0/node/buffer.ts": "43f07b2d1523345bf35b7deb7fcdad6e916020a631a7bc1b5efcaff556db4e1d",
    "https://deno.land/std@0.165.0/node/internal/buffer.d.ts": "90f674081428a61978b6d481c5f557ff743a3f4a85d7ae113caab48fdf5b8a63",
    "https://deno.land/std@0.165.0/node/internal/buffer.mjs": "70b74b34f1617b3492aee6dec35c7bdabbf26e034bfcf640aa61b3d63c5c850f",
    "https://deno.land/std@0.165.0/node/internal/crypto/_keys.ts": "63229ff3d8d15b5bd0a1d2ebc19313cbb8ac969875bf16df1ce4f2b497d74fb5",
    "https://deno.land/std@0.165.0/node/internal/crypto/constants.ts": "d2c8821977aef55e4d66414d623c24a2447791a8b49b6404b8db32d81e20c315",
    "https://deno.land/std@0.165.0/node/internal/error_codes.ts": "ac03c4eae33de3a69d6c98e8678003207eecf75a6900eb847e3fea3c8c9e6d8f",
    "https://deno.land/std@0.165.0/node/internal/errors.ts": "b9aec7d1fe3eaf21322d0ea9dc2fcb344055d6b0c7a1bd0f62a0c379a5baa799",
    "https://deno.land/std@0.165.0/node/internal/hide_stack_frames.ts": "a91962ec84610bc7ec86022c4593cdf688156a5910c07b5bcd71994225c13a03",
    "https://deno.land/std@0.165.0/node/internal/normalize_encoding.mjs": "3779ec8a7adf5d963b0224f9b85d1bc974a2ec2db0e858396b5d3c2c92138a0a",
    "https://deno.land/std@0.165.0/node/internal/primordials.mjs": "7cf5afe471583e4a384eeea109bdff276b6b7f3a3af830f99f951fb7d57ef423",
    "https://deno.land/std@0.165.0/node/internal/util.mjs": "35d24fb775468cd24443bcf0ec68904b8aa44e5b53845491a5e3382421917f9a",
    "https://deno.land/std@0.165.0/node/internal/util/inspect.mjs": "1ddace0c97719d2cc0869ba177d375e96051301352ec235cbfb2ecbfcd4e8fba",
    "https://deno.land/std@0.165.0/node/internal/util/types.ts": "de6e2b7f9b9985ab881b1e78f05ae51d1fc829ae1584063df21e57b35312f3c4",
    "https://deno.land/std@0.165.0/node/internal/validators.mjs": "67deae0f488d013c8bf485742a5478112b8e48837cb2458c4a8b2669cf7017db",
    "https://deno.land/std@0.165.0/node/internal_binding/_libuv_winerror.ts": "801e05c2742ae6cd42a5f0fd555a255a7308a65732551e962e5345f55eedc519",
    "https://deno.land/std@0.165.0/node/internal_binding/_node.ts": "e4075ba8a37aef4eb5b592c8e3807c39cb49ca8653faf8e01a43421938076c1b",
    "https://deno.land/std@0.165.0/node/internal_binding/_utils.ts": "1c50883b5751a9ea1b38951e62ed63bacfdc9d69ea665292edfa28e1b1c5bd94",
    "https://deno.land/std@0.165.0/node/internal_binding/_winerror.ts": "8811d4be66f918c165370b619259c1f35e8c3e458b8539db64c704fbde0a7cd2",
    "https://deno.land/std@0.165.0/node/internal_binding/buffer.ts": "781e1d13adc924864e6e37ecb5152e8a4e994cf394695136e451c47f00bda76c",
    "https://deno.land/std@0.165.0/node/internal_binding/constants.ts": "f4afc504137fb21f3908ab549931604968dfa62432b285a0874f41c4cade9ed2",
    "https://deno.land/std@0.165.0/node/internal_binding/string_decoder.ts": "5cb1863763d1e9b458bc21d6f976f16d9c18b3b3f57eaf0ade120aee38fba227",
    "https://deno.land/std@0.165.0/node/internal_binding/types.ts": "4c26fb74ba2e45de553c15014c916df6789529a93171e450d5afb016b4c765e7",
    "https://deno.land/std@0.165.0/node/internal_binding/util.ts": "faf5146c3cc3b2d6c26026a818b4a16e91488ab26e63c069f36ba3c3ae24c97b",
    "https://deno.land/std@0.165.0/node/internal_binding/uv.ts": "3a63eebe0b69334bab5e9f037aadde1aef59ab21ab0e4cd01ac588d919be2c75",
    "https://deno.land/std@0.167.0/_util/asserts.ts": "d0844e9b62510f89ce1f9878b046f6a57bf88f208a10304aab50efcb48365272",
    "https://deno.land/std@0.167.0/async/abortable.ts": "80b2ac399f142cc528f95a037a7d0e653296352d95c681e284533765961de409",
    "https://deno.land/std@0.167.0/async/deadline.ts": "2c2deb53c7c28ca1dda7a3ad81e70508b1ebc25db52559de6b8636c9278fd41f",
    "https://deno.land/std@0.167.0/async/debounce.ts": "60301ffb37e730cd2d6f9dadfd0ecb2a38857681bd7aaf6b0a106b06e5210a98",
    "https://deno.land/std@0.167.0/async/deferred.ts": "77d3f84255c3627f1cc88699d8472b664d7635990d5358c4351623e098e917d6",
    "https://deno.land/std@0.167.0/async/delay.ts": "5a9bfba8de38840308a7a33786a0155a7f6c1f7a859558ddcec5fe06e16daf57",
    "https://deno.land/std@0.167.0/async/mod.ts": "7809ad4bb223e40f5fdc043e5c7ca04e0e25eed35c32c3c32e28697c553fa6d9",
    "https://deno.land/std@0.167.0/async/mux_async_iterator.ts": "770a0ff26c59f8bbbda6b703a2235f04e379f73238e8d66a087edc68c2a2c35f",
    "https://deno.land/std@0.167.0/async/pool.ts": "6854d8cd675a74c73391c82005cbbe4cc58183bddcd1fbbd7c2bcda42b61cf69",
    "https://deno.land/std@0.167.0/async/retry.ts": "e8e5173623915bbc0ddc537698fa418cf875456c347eda1ed453528645b42e67",
    "https://deno.land/std@0.167.0/async/tee.ts": "3a47cc4e9a940904fd4341f0224907e199121c80b831faa5ec2b054c6d2eff5e",
    "https://deno.land/std@0.167.0/datetime/formatter.ts": "7c8e6d16a0950f400aef41b9f1eb9168249869776ec520265dfda785d746589e",
    "https://deno.land/std@0.167.0/datetime/mod.ts": "eb120e30ce33f23ccd885dbd38002e446c719834330ef8d1d7b4c0848ba6288e",
    "https://deno.land/std@0.167.0/datetime/tokenizer.ts": "7381e28f6ab51cb504c7e132be31773d73ef2f3e1e50a812736962b9df1e8c47",
    "https://deno.land/std@0.167.0/http/_negotiation/common.ts": "410e902f01cdd324e4746e8017595be4fc357d6fc4cd6044f2f808a943d7eaf7",
    "https://deno.land/std@0.167.0/http/_negotiation/encoding.ts": "f749c1d539d139af783e8a7741de5a47a98a5e3c9af82b8af512567ccf5fe632",
    "https://deno.land/std@0.167.0/http/_negotiation/language.ts": "53c306186904d2dace4c624a8822542866ad332a7f40ac90e0af1504f95c63d0",
    "https://deno.land/std@0.167.0/http/_negotiation/media_type.ts": "ecdda87286495f7ff25116858f5088856953e2f1585e593d314e0c71b826a137",
    "https://deno.land/std@0.167.0/http/cookie.ts": "1cc93a659138eab9caf6fb48e5e62ef8fb4e3ca9dcec9c01c12d365fce120103",
    "https://deno.land/std@0.167.0/http/cookie_map.ts": "dd93b5afdac65882e707e22d02f720f8ba8fff8842ef1ffc6f87306a51d79528",
    "https://deno.land/std@0.167.0/http/http_errors.ts": "b1403713679a9791b8fce0cab5535d2724385ee5145c1a1aaf7df570a205bb97",
    "https://deno.land/std@0.167.0/http/http_status.ts": "ed24048cc0d06066c944da59b0301da3ae2f990564bb4ad79bb52a09cf8e9b30",
    "https://deno.land/std@0.167.0/http/mod.ts": "7c0f2cc423608c9b2cf5e561c146317e1af1db9a5f565916a3fddeab5099a7eb",
    "https://deno.land/std@0.167.0/http/negotiation.ts": "a8dcc9705f5e05aba7e4569dcf19c268725e788b85cea3dafe5392bcca801ae5",
    "https://deno.land/std@0.167.0/http/server.ts": "e99c1bee8a3f6571ee4cdeb2966efad465b8f6fe62bec1bdb59c1f007cc4d155",
    "https://deno.land/x/hono@v2.5.4/context.ts": "b6167d7d0f4d46a5c04e47410c913a35d376b43d9b96b508b39691caee3b2c99",
    "https://deno.land/x/hono@v2.5.4/deno/serve-static.ts": "5460ccc3ebeafd8a1e0e96826c6c47ce6e6ee965f1b7217f5f14f466bded28c6",
    "https://deno.land/x/hono@v2.5.4/middleware.ts": "a1271fcd6a6d217e32d3110bb3a14073d7e36cb43faee951467826df5d987154",
    "https://deno.land/x/hono@v2.5.4/middleware/basic-auth/index.ts": "35c80427798695b8f2dc0cbb6a34ef2b2aa169a8f6c31c5541ba6489592172c7",
    "https://deno.land/x/hono@v2.5.4/middleware/bearer-auth/index.ts": "e875eef34dfe68b608f39aa5767f507a8545ab27c9ae6a27984e1797d2a5eb52",
    "https://deno.land/x/hono@v2.5.4/middleware/cache/index.ts": "5f0e80036cf2b68ad458ad40333cea80ac3ff52f0763ef36dae3917f2370675d",
    "https://deno.land/x/hono@v2.5.4/middleware/compress/index.ts": "384459f194ab21757ac99590bd00991a71ddf395798073522b0da3959cdd7124",
    "https://deno.land/x/hono@v2.5.4/middleware/cors/index.ts": "52ea6e40bc882c9a5a57b85160f39172f762b28aec5964525e7082810e888852",
    "https://deno.land/x/hono@v2.5.4/middleware/etag/index.ts": "e679c30ddd2600087521a7c1dac3798c2319c09d203bb627b54357b984fc72e7",
    "https://deno.land/x/hono@v2.5.4/middleware/html/index.ts": "bfaf90e83998594e5482502fd0c0a81d104931409234fc9e9aa79feba6746dd7",
    "https://deno.land/x/hono@v2.5.4/middleware/jsx/index.ts": "10978f16a3747b77b6b56859e750a0896d7b1369056d34b77934498d65c82598",
    "https://deno.land/x/hono@v2.5.4/middleware/jwt/index.ts": "7887ae3b0094505bbe0b25d01bb8ab4cea235babfcc1132dbdf91460d9a90401",
    "https://deno.land/x/hono@v2.5.4/middleware/logger/index.ts": "fc825765a0ffe1a2a062d7886bf1807d69b2bc6eeb0e585904d7d0132c7347a9",
    "https://deno.land/x/hono@v2.5.4/middleware/powered-by/index.ts": "7ec561885ac0410786f78aeb9789ed7869edb2d43c615cbc3d14f21baee87359",
    "https://deno.land/x/hono@v2.5.4/middleware/pretty-json/index.ts": "f4a4b2fa2ecb73e23da6f0ef716fe7d6a7f05c69f64dc7f89fc68cbcb204a87f",
    "https://deno.land/x/hono@v2.5.4/middleware/validator/index.ts": "15d56889c469479b64562c78e817e4e79fed1840018e00ee813d88c0bd811ff7",
    "https://deno.land/x/hono@v2.5.4/middleware/validator/middleware.ts": "48b32dbb508e641476a9009d26f0843ea9db5dd601499e76c26b1b4a9936e2a2",
    "https://deno.land/x/hono@v2.5.4/types.ts": "8338ec48bab08b9eb94cee47c092589049ff12103815bfdd128fcd7e54af2d12",
    "https://deno.land/x/hono@v2.5.4/utils/buffer.ts": "669673dee1963e93552de2c1daca367d97b6ed1b4acc03eecd06d1b471383a95",
    "https://deno.land/x/hono@v2.5.4/utils/cookie.ts": "545872bd7af3b455c24fd386ecbccfd161e7d4a0038d6b09b1bb22723602f90a",
    "https://deno.land/x/hono@v2.5.4/utils/crypto.ts": "b2c3c9b20133a73189ad3aefe9b1192091dd9620dde59112fe182bcb8ceeb277",
    "https://deno.land/x/hono@v2.5.4/utils/encode.ts": "38e99a597966ef1db24ef12a8b62450016bf11dc48c9ab27cfb7c8d926db8327",
    "https://deno.land/x/hono@v2.5.4/utils/filepath.ts": "5f708bb6a2f0b8e83a3333868ac86abdfba15e52b46acb5e13018fa2138f0826",
    "https://deno.land/x/hono@v2.5.4/utils/html.ts": "636c4a04eaea1c52c14a37cd28d83cba66b293d1e31420a4475e951268901ae4",
    "https://deno.land/x/hono@v2.5.4/utils/http-status.ts": "2d6003e352c1fe918db663fa4bd2b20bf0b9d4e1699ba5e163f317f00b29d938",
    "https://deno.land/x/hono@v2.5.4/utils/json.ts": "ae34c6191e7a844f04a95efaffb177b6a15a3bc5b17321c5679081940df6ab1d",
    "https://deno.land/x/hono@v2.5.4/utils/jwt/index.ts": "5e4b82a42eb3603351dfce726cd781ca41cb57437395409d227131aec348d2d5",
    "https://deno.land/x/hono@v2.5.4/utils/jwt/jwt.ts": "4fefadfb914ad88282949d0cce2be16bdbd0b0614d15ecbb340c4fc47a9929b9",
    "https://deno.land/x/hono@v2.5.4/utils/jwt/types.ts": "715514fe59f0c37048b2940528bd4f4ec5795e04f0bc1d6d7e33f8d8bb1fe9de",
    "https://deno.land/x/hono@v2.5.4/utils/mime.ts": "d2f88124c998a1e0ce8a351081b3cb7ffd96224ddd2d5a0d4d69c02ba612f676",
    "https://deno.land/x/hono@v2.5.4/utils/object.ts": "f33b019691fb966d085545627cf471177a1ab334f4fbd489c01ba0df4c3de888",
    "https://deno.land/x/hono@v2.5.4/utils/url.ts": "120cfd1297f91dc269454ad4bc3fabb54593cd9994ec2e6c4f56b6d9018419a0",
    "https://deno.land/x/hono@v2.5.4/validator/rule.ts": "34247d9977e1cd7bfa376e6e25a48639686b899301d6f773d6913faa991413e1",
    "https://deno.land/x/hono@v2.5.4/validator/sanitizer.ts": "da03fdd70baa6d2f178d616a9f35cea1028a15d1429339ee3c3f9eff9aded38f",
    "https://deno.land/x/hono@v2.5.4/validator/schema.ts": "d271be232a223b66bdb946995891a4ab22d8d9067ab2573a181133bedfb8f209",
    "https://deno.land/x/hono@v2.5.4/validator/validator.ts": "66162646d499e91536fadecf064f5f08ee6542d7027da4d58e6153bd4c6c89da",
    "https://deno.land/x/hono@v2.6.1/compose.ts": "6cf42a9779df9bb53294f796f07796961e2d70ed348cf0dd334669ac2de2fd95",
    "https://deno.land/x/hono@v2.6.1/context.ts": "96ee21eac9199a921a56a0de24bf4f165a779f1fbba622d5a647934a5f6ba936",
    "https://deno.land/x/hono@v2.6.1/hono.ts": "d61ceb48090529835f922cf0f50a330ebddfc7735d4fd0f229b0fa679019eb1d",
    "https://deno.land/x/hono@v2.6.1/middleware/cors/index.ts": "017ba73c6fcf9c7b0ae6107e3693c0210ea92aea7e3e47ee810f6677544ce8e4",
    "https://deno.land/x/hono@v2.6.1/mod.ts": "a6f5fc79ba07e98e1918694cb96f78358e0e967def1184ddb941d3a905cd9fbd",
    "https://deno.land/x/hono@v2.6.1/request.ts": "f6882a2088250356b9110798b9fff7223626484333488384769a6790f6357bac",
    "https://deno.land/x/hono@v2.6.1/router.ts": "21448bc2e6019574c10fae11237da4367037fa107e68bf3d049cd2fd0efd2adb",
    "https://deno.land/x/hono@v2.6.1/router/reg-exp-router/index.ts": "52755829213941756159b7a963097bafde5cc4fc22b13b1c7c9184dc0512d1db",
    "https://deno.land/x/hono@v2.6.1/router/reg-exp-router/node.ts": "08bb532ffe43e6e11510f9f66122baef43288f05f592b17987fc3a2dc195251a",
    "https://deno.land/x/hono@v2.6.1/router/reg-exp-router/router.ts": "b158d519d7bc5bbae6a8b099a8563c51b90c132116353967ab9bef7f6e86e446",
    "https://deno.land/x/hono@v2.6.1/router/reg-exp-router/trie.ts": "ab8a4ec6c3cdfdbcd1f53130db28b6174318bdfa815d57c792154203e71bc3d2",
    "https://deno.land/x/hono@v2.6.1/router/smart-router/index.ts": "74f9b4fe15ea535900f2b9b048581915f12fe94e531dd2b0032f5610e61c3bef",
    "https://deno.land/x/hono@v2.6.1/router/smart-router/router.ts": "1d54f5c87875d856ed5fc2d22a100e1ff31debe3e9d8e9b1cc18d8e5706239f2",
    "https://deno.land/x/hono@v2.6.1/router/static-router/index.ts": "f31aaebff3b2b05f00946d3a8b688289a43b5c2bfb124e54ffadeee6a24a1b52",
    "https://deno.land/x/hono@v2.6.1/router/static-router/router.ts": "75a15b2964dc90a46aed7b313f8760b60af5d5e8a819c3a948b4ad8d3fdb7662",
    "https://deno.land/x/hono@v2.6.1/router/trie-router/index.ts": "3eb75e7f71ba81801631b30de6b1f5cefb2c7239c03797e2b2cbab5085911b41",
    "https://deno.land/x/hono@v2.6.1/router/trie-router/node.ts": "514ef8e66a96d1ececc2823421d5a4001d59a1cec241bb545688716cba1e9dbb",
    "https://deno.land/x/hono@v2.6.1/router/trie-router/router.ts": "0a969528a0c1680b552b20f0ca90e484e968ac279be9d5fd952b61a804d680e7",
    "https://deno.land/x/hono@v2.6.1/types.ts": "1b8a876c013caee63287c198983740e3467e6f88a7f1a56301418904147370fb",
    "https://deno.land/x/hono@v2.6.1/utils/body.ts": "095afd5b9cd8458bb78353479911a428a23acbef1ffd545483f7b051c08a9fc0",
    "https://deno.land/x/hono@v2.6.1/utils/cookie.ts": "545872bd7af3b455c24fd386ecbccfd161e7d4a0038d6b09b1bb22723602f90a",
    "https://deno.land/x/hono@v2.6.1/utils/http-status.ts": "2d6003e352c1fe918db663fa4bd2b20bf0b9d4e1699ba5e163f317f00b29d938",
    "https://deno.land/x/hono@v2.6.1/utils/json.ts": "ae34c6191e7a844f04a95efaffb177b6a15a3bc5b17321c5679081940df6ab1d",
    "https://deno.land/x/hono@v2.6.1/utils/url.ts": "120cfd1297f91dc269454ad4bc3fabb54593cd9994ec2e6c4f56b6d9018419a0",
    "https://deno.land/x/hono@v2.6.1/validator/rule.ts": "a6614973170e1e4b71e260a678c1b28aecfd17053273e59bf99f1382b4f74eaa",
    "https://deno.land/x/hono@v2.6.1/validator/sanitizer.ts": "da03fdd70baa6d2f178d616a9f35cea1028a15d1429339ee3c3f9eff9aded38f",
    "https://deno.land/x/hono@v2.6.1/validator/schema.ts": "b00f9186bb43911ea24045b6d248495c6d5fde4a2e480015a5c3592569bbadf9",
    "https://deno.land/x/hono@v2.6.1/validator/validator.ts": "49732aef3de9fae64ad1f6ae901c094a390a407d901129a246673e5e7f8d5a64"
  }
}
